
Microsoft Visual Studio Solution File, Format Version 12.00
# Visual Studio Version 16
VisualStudioVersion = 16.0.30204.135
MinimumVisualStudioVersion = 10.0.40219.1
Project("{9A19103F-16F7-4668-BE54-9A1E7A4F7556}") = "Kit.Forms", "Kit.Forms\Kit.Forms.csproj", "{1224B0D0-4675-4CB5-9691-EBAC1056A1E3}"
EndProject
Project("{9A19103F-16F7-4668-BE54-9A1E7A4F7556}") = "Kit", "Kit\Kit.csproj", "{3727A404-D8BA-40D8-9380-BE9C3CD2A889}"
EndProject
Project("{9A19103F-16F7-4668-BE54-9A1E7A4F7556}") = "Kit.Droid", "Kit.Droid\Kit.Droid.csproj", "{69924835-CCFB-4764-A16F-F31295748C29}"
EndProject
Project("{FAE04EC0-301F-11D3-BF4B-00C04F79EFBC}") = "Kit.iOS", "Kit.iOS\Kit.iOS.csproj", "{DE4B3620-B011-4AB8-84D8-05E073DAB97E}"
EndProject
Project("{9A19103F-16F7-4668-BE54-9A1E7A4F7556}") = "Kit.NetCore", "Kit.NetCore\Kit.NetCore.csproj", "{377E0A89-5177-47F9-ADAE-3B1FC1C53A64}"
EndProject
Project("{FAE04EC0-301F-11D3-BF4B-00C04F79EFBC}") = "Kit.UWP", "Kit.UWP\Kit.UWP.csproj", "{448253EC-BF0C-4173-885B-F9F7B92D511C}"
EndProject
Project("{9A19103F-16F7-4668-BE54-9A1E7A4F7556}") = "Kit.WPF", "Kit.WPF\Kit.WPF.csproj", "{65E84E8A-8E99-47AB-A09E-1A61749A77E2}"
EndProject
Project("{2150E333-8FDC-42A3-9474-1A3956D46DE8}") = "Solution Items", "Solution Items", "{0E9DA7E7-3BB5-4F8A-9234-791C6ACF9F10}"
	ProjectSection(SolutionItems) = preProject
		toolbox.png = toolbox.png
	EndProjectSection
EndProject
Project("{9A19103F-16F7-4668-BE54-9A1E7A4F7556}") = "SyncTest", "SyncTest\SyncTest.csproj", "{694B9458-0EBA-43F3-AAC6-6BFE5019EF6A}"
EndProject
Global
	GlobalSection(SolutionConfigurationPlatforms) = preSolution
		Debug|Any CPU = Debug|Any CPU
		Debug|ARM = Debug|ARM
		Debug|ARM64 = Debug|ARM64
		Debug|iPhone = Debug|iPhone
		Debug|iPhoneSimulator = Debug|iPhoneSimulator
		Debug|x64 = Debug|x64
		Debug|x86 = Debug|x86
		Release|Any CPU = Release|Any CPU
		Release|ARM = Release|ARM
		Release|ARM64 = Release|ARM64
		Release|iPhone = Release|iPhone
		Release|iPhoneSimulator = Release|iPhoneSimulator
		Release|x64 = Release|x64
		Release|x86 = Release|x86
	EndGlobalSection
	GlobalSection(ProjectConfigurationPlatforms) = postSolution
		{1224B0D0-4675-4CB5-9691-EBAC1056A1E3}.Debug|Any CPU.ActiveCfg = Debug|Any CPU
		{1224B0D0-4675-4CB5-9691-EBAC1056A1E3}.Debug|Any CPU.Build.0 = Debug|Any CPU
		{1224B0D0-4675-4CB5-9691-EBAC1056A1E3}.Debug|ARM.ActiveCfg = Debug|Any CPU
		{1224B0D0-4675-4CB5-9691-EBAC1056A1E3}.Debug|ARM.Build.0 = Debug|Any CPU
		{1224B0D0-4675-4CB5-9691-EBAC1056A1E3}.Debug|ARM64.ActiveCfg = Debug|Any CPU
		{1224B0D0-4675-4CB5-9691-EBAC1056A1E3}.Debug|ARM64.Build.0 = Debug|Any CPU
		{1224B0D0-4675-4CB5-9691-EBAC1056A1E3}.Debug|iPhone.ActiveCfg = Debug|Any CPU
		{1224B0D0-4675-4CB5-9691-EBAC1056A1E3}.Debug|iPhone.Build.0 = Debug|Any CPU
		{1224B0D0-4675-4CB5-9691-EBAC1056A1E3}.Debug|iPhoneSimulator.ActiveCfg = Debug|Any CPU
		{1224B0D0-4675-4CB5-9691-EBAC1056A1E3}.Debug|iPhoneSimulator.Build.0 = Debug|Any CPU
		{1224B0D0-4675-4CB5-9691-EBAC1056A1E3}.Debug|x64.ActiveCfg = Debug|Any CPU
		{1224B0D0-4675-4CB5-9691-EBAC1056A1E3}.Debug|x64.Build.0 = Debug|Any CPU
		{1224B0D0-4675-4CB5-9691-EBAC1056A1E3}.Debug|x86.ActiveCfg = Debug|Any CPU
		{1224B0D0-4675-4CB5-9691-EBAC1056A1E3}.Debug|x86.Build.0 = Debug|Any CPU
		{1224B0D0-4675-4CB5-9691-EBAC1056A1E3}.Release|Any CPU.ActiveCfg = Release|Any CPU
		{1224B0D0-4675-4CB5-9691-EBAC1056A1E3}.Release|Any CPU.Build.0 = Release|Any CPU
		{1224B0D0-4675-4CB5-9691-EBAC1056A1E3}.Release|ARM.ActiveCfg = Release|Any CPU
		{1224B0D0-4675-4CB5-9691-EBAC1056A1E3}.Release|ARM.Build.0 = Release|Any CPU
		{1224B0D0-4675-4CB5-9691-EBAC1056A1E3}.Release|ARM64.ActiveCfg = Release|Any CPU
		{1224B0D0-4675-4CB5-9691-EBAC1056A1E3}.Release|ARM64.Build.0 = Release|Any CPU
		{1224B0D0-4675-4CB5-9691-EBAC1056A1E3}.Release|iPhone.ActiveCfg = Release|Any CPU
		{1224B0D0-4675-4CB5-9691-EBAC1056A1E3}.Release|iPhone.Build.0 = Release|Any CPU
		{1224B0D0-4675-4CB5-9691-EBAC1056A1E3}.Release|iPhoneSimulator.ActiveCfg = Release|Any CPU
		{1224B0D0-4675-4CB5-9691-EBAC1056A1E3}.Release|iPhoneSimulator.Build.0 = Release|Any CPU
		{1224B0D0-4675-4CB5-9691-EBAC1056A1E3}.Release|x64.ActiveCfg = Release|Any CPU
		{1224B0D0-4675-4CB5-9691-EBAC1056A1E3}.Release|x64.Build.0 = Release|Any CPU
		{1224B0D0-4675-4CB5-9691-EBAC1056A1E3}.Release|x86.ActiveCfg = Release|Any CPU
		{1224B0D0-4675-4CB5-9691-EBAC1056A1E3}.Release|x86.Build.0 = Release|Any CPU
		{3727A404-D8BA-40D8-9380-BE9C3CD2A889}.Debug|Any CPU.ActiveCfg = Debug|Any CPU
		{3727A404-D8BA-40D8-9380-BE9C3CD2A889}.Debug|Any CPU.Build.0 = Debug|Any CPU
		{3727A404-D8BA-40D8-9380-BE9C3CD2A889}.Debug|ARM.ActiveCfg = Debug|Any CPU
		{3727A404-D8BA-40D8-9380-BE9C3CD2A889}.Debug|ARM.Build.0 = Debug|Any CPU
		{3727A404-D8BA-40D8-9380-BE9C3CD2A889}.Debug|ARM64.ActiveCfg = Debug|Any CPU
		{3727A404-D8BA-40D8-9380-BE9C3CD2A889}.Debug|ARM64.Build.0 = Debug|Any CPU
		{3727A404-D8BA-40D8-9380-BE9C3CD2A889}.Debug|iPhone.ActiveCfg = Debug|Any CPU
		{3727A404-D8BA-40D8-9380-BE9C3CD2A889}.Debug|iPhone.Build.0 = Debug|Any CPU
		{3727A404-D8BA-40D8-9380-BE9C3CD2A889}.Debug|iPhoneSimulator.ActiveCfg = Debug|Any CPU
		{3727A404-D8BA-40D8-9380-BE9C3CD2A889}.Debug|iPhoneSimulator.Build.0 = Debug|Any CPU
		{3727A404-D8BA-40D8-9380-BE9C3CD2A889}.Debug|x64.ActiveCfg = Debug|Any CPU
		{3727A404-D8BA-40D8-9380-BE9C3CD2A889}.Debug|x64.Build.0 = Debug|Any CPU
		{3727A404-D8BA-40D8-9380-BE9C3CD2A889}.Debug|x86.ActiveCfg = Debug|Any CPU
		{3727A404-D8BA-40D8-9380-BE9C3CD2A889}.Debug|x86.Build.0 = Debug|Any CPU
		{3727A404-D8BA-40D8-9380-BE9C3CD2A889}.Release|Any CPU.ActiveCfg = Release|Any CPU
		{3727A404-D8BA-40D8-9380-BE9C3CD2A889}.Release|Any CPU.Build.0 = Release|Any CPU
		{3727A404-D8BA-40D8-9380-BE9C3CD2A889}.Release|ARM.ActiveCfg = Release|Any CPU
		{3727A404-D8BA-40D8-9380-BE9C3CD2A889}.Release|ARM.Build.0 = Release|Any CPU
		{3727A404-D8BA-40D8-9380-BE9C3CD2A889}.Release|ARM64.ActiveCfg = Release|Any CPU
		{3727A404-D8BA-40D8-9380-BE9C3CD2A889}.Release|ARM64.Build.0 = Release|Any CPU
		{3727A404-D8BA-40D8-9380-BE9C3CD2A889}.Release|iPhone.ActiveCfg = Release|Any CPU
		{3727A404-D8BA-40D8-9380-BE9C3CD2A889}.Release|iPhone.Build.0 = Release|Any CPU
		{3727A404-D8BA-40D8-9380-BE9C3CD2A889}.Release|iPhoneSimulator.ActiveCfg = Release|Any CPU
		{3727A404-D8BA-40D8-9380-BE9C3CD2A889}.Release|iPhoneSimulator.Build.0 = Release|Any CPU
		{3727A404-D8BA-40D8-9380-BE9C3CD2A889}.Release|x64.ActiveCfg = Release|Any CPU
		{3727A404-D8BA-40D8-9380-BE9C3CD2A889}.Release|x64.Build.0 = Release|Any CPU
		{3727A404-D8BA-40D8-9380-BE9C3CD2A889}.Release|x86.ActiveCfg = Release|Any CPU
		{3727A404-D8BA-40D8-9380-BE9C3CD2A889}.Release|x86.Build.0 = Release|Any CPU
		{69924835-CCFB-4764-A16F-F31295748C29}.Debug|Any CPU.ActiveCfg = Debug|Any CPU
		{69924835-CCFB-4764-A16F-F31295748C29}.Debug|Any CPU.Build.0 = Debug|Any CPU
		{69924835-CCFB-4764-A16F-F31295748C29}.Debug|ARM.ActiveCfg = Debug|Any CPU
		{69924835-CCFB-4764-A16F-F31295748C29}.Debug|ARM.Build.0 = Debug|Any CPU
		{69924835-CCFB-4764-A16F-F31295748C29}.Debug|ARM64.ActiveCfg = Debug|Any CPU
		{69924835-CCFB-4764-A16F-F31295748C29}.Debug|ARM64.Build.0 = Debug|Any CPU
		{69924835-CCFB-4764-A16F-F31295748C29}.Debug|iPhone.ActiveCfg = Debug|Any CPU
		{69924835-CCFB-4764-A16F-F31295748C29}.Debug|iPhone.Build.0 = Debug|Any CPU
		{69924835-CCFB-4764-A16F-F31295748C29}.Debug|iPhoneSimulator.ActiveCfg = Debug|Any CPU
		{69924835-CCFB-4764-A16F-F31295748C29}.Debug|iPhoneSimulator.Build.0 = Debug|Any CPU
		{69924835-CCFB-4764-A16F-F31295748C29}.Debug|x64.ActiveCfg = Debug|Any CPU
		{69924835-CCFB-4764-A16F-F31295748C29}.Debug|x64.Build.0 = Debug|Any CPU
		{69924835-CCFB-4764-A16F-F31295748C29}.Debug|x86.ActiveCfg = Debug|Any CPU
		{69924835-CCFB-4764-A16F-F31295748C29}.Debug|x86.Build.0 = Debug|Any CPU
		{69924835-CCFB-4764-A16F-F31295748C29}.Release|Any CPU.ActiveCfg = Release|Any CPU
		{69924835-CCFB-4764-A16F-F31295748C29}.Release|Any CPU.Build.0 = Release|Any CPU
		{69924835-CCFB-4764-A16F-F31295748C29}.Release|ARM.ActiveCfg = Release|Any CPU
		{69924835-CCFB-4764-A16F-F31295748C29}.Release|ARM.Build.0 = Release|Any CPU
		{69924835-CCFB-4764-A16F-F31295748C29}.Release|ARM64.ActiveCfg = Release|Any CPU
		{69924835-CCFB-4764-A16F-F31295748C29}.Release|ARM64.Build.0 = Release|Any CPU
		{69924835-CCFB-4764-A16F-F31295748C29}.Release|iPhone.ActiveCfg = Release|Any CPU
		{69924835-CCFB-4764-A16F-F31295748C29}.Release|iPhone.Build.0 = Release|Any CPU
		{69924835-CCFB-4764-A16F-F31295748C29}.Release|iPhoneSimulator.ActiveCfg = Release|Any CPU
		{69924835-CCFB-4764-A16F-F31295748C29}.Release|iPhoneSimulator.Build.0 = Release|Any CPU
		{69924835-CCFB-4764-A16F-F31295748C29}.Release|x64.ActiveCfg = Release|Any CPU
		{69924835-CCFB-4764-A16F-F31295748C29}.Release|x64.Build.0 = Release|Any CPU
		{69924835-CCFB-4764-A16F-F31295748C29}.Release|x86.ActiveCfg = Release|Any CPU
		{69924835-CCFB-4764-A16F-F31295748C29}.Release|x86.Build.0 = Release|Any CPU
		{DE4B3620-B011-4AB8-84D8-05E073DAB97E}.Debug|Any CPU.ActiveCfg = Debug|Any CPU
		{DE4B3620-B011-4AB8-84D8-05E073DAB97E}.Debug|Any CPU.Build.0 = Debug|Any CPU
		{DE4B3620-B011-4AB8-84D8-05E073DAB97E}.Debug|ARM.ActiveCfg = Debug|Any CPU
		{DE4B3620-B011-4AB8-84D8-05E073DAB97E}.Debug|ARM.Build.0 = Debug|Any CPU
		{DE4B3620-B011-4AB8-84D8-05E073DAB97E}.Debug|ARM64.ActiveCfg = Debug|Any CPU
		{DE4B3620-B011-4AB8-84D8-05E073DAB97E}.Debug|ARM64.Build.0 = Debug|Any CPU
		{DE4B3620-B011-4AB8-84D8-05E073DAB97E}.Debug|iPhone.ActiveCfg = Debug|Any CPU
		{DE4B3620-B011-4AB8-84D8-05E073DAB97E}.Debug|iPhone.Build.0 = Debug|Any CPU
		{DE4B3620-B011-4AB8-84D8-05E073DAB97E}.Debug|iPhoneSimulator.ActiveCfg = Debug|Any CPU
		{DE4B3620-B011-4AB8-84D8-05E073DAB97E}.Debug|iPhoneSimulator.Build.0 = Debug|Any CPU
		{DE4B3620-B011-4AB8-84D8-05E073DAB97E}.Debug|x64.ActiveCfg = Debug|Any CPU
		{DE4B3620-B011-4AB8-84D8-05E073DAB97E}.Debug|x64.Build.0 = Debug|Any CPU
		{DE4B3620-B011-4AB8-84D8-05E073DAB97E}.Debug|x86.ActiveCfg = Debug|Any CPU
		{DE4B3620-B011-4AB8-84D8-05E073DAB97E}.Debug|x86.Build.0 = Debug|Any CPU
		{DE4B3620-B011-4AB8-84D8-05E073DAB97E}.Release|Any CPU.ActiveCfg = Release|Any CPU
		{DE4B3620-B011-4AB8-84D8-05E073DAB97E}.Release|Any CPU.Build.0 = Release|Any CPU
		{DE4B3620-B011-4AB8-84D8-05E073DAB97E}.Release|ARM.ActiveCfg = Release|Any CPU
		{DE4B3620-B011-4AB8-84D8-05E073DAB97E}.Release|ARM.Build.0 = Release|Any CPU
		{DE4B3620-B011-4AB8-84D8-05E073DAB97E}.Release|ARM64.ActiveCfg = Release|Any CPU
		{DE4B3620-B011-4AB8-84D8-05E073DAB97E}.Release|ARM64.Build.0 = Release|Any CPU
		{DE4B3620-B011-4AB8-84D8-05E073DAB97E}.Release|iPhone.ActiveCfg = Release|Any CPU
		{DE4B3620-B011-4AB8-84D8-05E073DAB97E}.Release|iPhone.Build.0 = Release|Any CPU
		{DE4B3620-B011-4AB8-84D8-05E073DAB97E}.Release|iPhoneSimulator.ActiveCfg = Release|Any CPU
		{DE4B3620-B011-4AB8-84D8-05E073DAB97E}.Release|iPhoneSimulator.Build.0 = Release|Any CPU
		{DE4B3620-B011-4AB8-84D8-05E073DAB97E}.Release|x64.ActiveCfg = Release|Any CPU
		{DE4B3620-B011-4AB8-84D8-05E073DAB97E}.Release|x64.Build.0 = Release|Any CPU
		{DE4B3620-B011-4AB8-84D8-05E073DAB97E}.Release|x86.ActiveCfg = Release|Any CPU
		{DE4B3620-B011-4AB8-84D8-05E073DAB97E}.Release|x86.Build.0 = Release|Any CPU
		{377E0A89-5177-47F9-ADAE-3B1FC1C53A64}.Debug|Any CPU.ActiveCfg = Debug|Any CPU
		{377E0A89-5177-47F9-ADAE-3B1FC1C53A64}.Debug|Any CPU.Build.0 = Debug|Any CPU
		{377E0A89-5177-47F9-ADAE-3B1FC1C53A64}.Debug|ARM.ActiveCfg = Debug|Any CPU
		{377E0A89-5177-47F9-ADAE-3B1FC1C53A64}.Debug|ARM.Build.0 = Debug|Any CPU
		{377E0A89-5177-47F9-ADAE-3B1FC1C53A64}.Debug|ARM64.ActiveCfg = Debug|Any CPU
		{377E0A89-5177-47F9-ADAE-3B1FC1C53A64}.Debug|ARM64.Build.0 = Debug|Any CPU
		{377E0A89-5177-47F9-ADAE-3B1FC1C53A64}.Debug|iPhone.ActiveCfg = Debug|Any CPU
		{377E0A89-5177-47F9-ADAE-3B1FC1C53A64}.Debug|iPhone.Build.0 = Debug|Any CPU
		{377E0A89-5177-47F9-ADAE-3B1FC1C53A64}.Debug|iPhoneSimulator.ActiveCfg = Debug|Any CPU
		{377E0A89-5177-47F9-ADAE-3B1FC1C53A64}.Debug|iPhoneSimulator.Build.0 = Debug|Any CPU
		{377E0A89-5177-47F9-ADAE-3B1FC1C53A64}.Debug|x64.ActiveCfg = Debug|Any CPU
		{377E0A89-5177-47F9-ADAE-3B1FC1C53A64}.Debug|x64.Build.0 = Debug|Any CPU
		{377E0A89-5177-47F9-ADAE-3B1FC1C53A64}.Debug|x86.ActiveCfg = Debug|Any CPU
		{377E0A89-5177-47F9-ADAE-3B1FC1C53A64}.Debug|x86.Build.0 = Debug|Any CPU
		{377E0A89-5177-47F9-ADAE-3B1FC1C53A64}.Release|Any CPU.ActiveCfg = Release|Any CPU
		{377E0A89-5177-47F9-ADAE-3B1FC1C53A64}.Release|Any CPU.Build.0 = Release|Any CPU
		{377E0A89-5177-47F9-ADAE-3B1FC1C53A64}.Release|ARM.ActiveCfg = Release|Any CPU
		{377E0A89-5177-47F9-ADAE-3B1FC1C53A64}.Release|ARM.Build.0 = Release|Any CPU
		{377E0A89-5177-47F9-ADAE-3B1FC1C53A64}.Release|ARM64.ActiveCfg = Release|Any CPU
		{377E0A89-5177-47F9-ADAE-3B1FC1C53A64}.Release|ARM64.Build.0 = Release|Any CPU
		{377E0A89-5177-47F9-ADAE-3B1FC1C53A64}.Release|iPhone.ActiveCfg = Release|Any CPU
		{377E0A89-5177-47F9-ADAE-3B1FC1C53A64}.Release|iPhone.Build.0 = Release|Any CPU
		{377E0A89-5177-47F9-ADAE-3B1FC1C53A64}.Release|iPhoneSimulator.ActiveCfg = Release|Any CPU
		{377E0A89-5177-47F9-ADAE-3B1FC1C53A64}.Release|iPhoneSimulator.Build.0 = Release|Any CPU
		{377E0A89-5177-47F9-ADAE-3B1FC1C53A64}.Release|x64.ActiveCfg = Release|Any CPU
		{377E0A89-5177-47F9-ADAE-3B1FC1C53A64}.Release|x64.Build.0 = Release|Any CPU
		{377E0A89-5177-47F9-ADAE-3B1FC1C53A64}.Release|x86.ActiveCfg = Release|Any CPU
		{377E0A89-5177-47F9-ADAE-3B1FC1C53A64}.Release|x86.Build.0 = Release|Any CPU
		{448253EC-BF0C-4173-885B-F9F7B92D511C}.Debug|Any CPU.ActiveCfg = Debug|Any CPU
		{448253EC-BF0C-4173-885B-F9F7B92D511C}.Debug|Any CPU.Build.0 = Debug|Any CPU
		{448253EC-BF0C-4173-885B-F9F7B92D511C}.Debug|ARM.ActiveCfg = Debug|ARM
		{448253EC-BF0C-4173-885B-F9F7B92D511C}.Debug|ARM.Build.0 = Debug|ARM
		{448253EC-BF0C-4173-885B-F9F7B92D511C}.Debug|ARM64.ActiveCfg = Debug|ARM64
		{448253EC-BF0C-4173-885B-F9F7B92D511C}.Debug|ARM64.Build.0 = Debug|ARM64
		{448253EC-BF0C-4173-885B-F9F7B92D511C}.Debug|iPhone.ActiveCfg = Debug|Any CPU
		{448253EC-BF0C-4173-885B-F9F7B92D511C}.Debug|iPhone.Build.0 = Debug|Any CPU
		{448253EC-BF0C-4173-885B-F9F7B92D511C}.Debug|iPhoneSimulator.ActiveCfg = Debug|Any CPU
		{448253EC-BF0C-4173-885B-F9F7B92D511C}.Debug|iPhoneSimulator.Build.0 = Debug|Any CPU
		{448253EC-BF0C-4173-885B-F9F7B92D511C}.Debug|x64.ActiveCfg = Debug|x64
		{448253EC-BF0C-4173-885B-F9F7B92D511C}.Debug|x64.Build.0 = Debug|x64
		{448253EC-BF0C-4173-885B-F9F7B92D511C}.Debug|x86.ActiveCfg = Debug|x86
		{448253EC-BF0C-4173-885B-F9F7B92D511C}.Debug|x86.Build.0 = Debug|x86
		{448253EC-BF0C-4173-885B-F9F7B92D511C}.Release|Any CPU.ActiveCfg = Release|Any CPU
		{448253EC-BF0C-4173-885B-F9F7B92D511C}.Release|Any CPU.Build.0 = Release|Any CPU
		{448253EC-BF0C-4173-885B-F9F7B92D511C}.Release|ARM.ActiveCfg = Release|ARM
		{448253EC-BF0C-4173-885B-F9F7B92D511C}.Release|ARM.Build.0 = Release|ARM
		{448253EC-BF0C-4173-885B-F9F7B92D511C}.Release|ARM64.ActiveCfg = Release|ARM64
		{448253EC-BF0C-4173-885B-F9F7B92D511C}.Release|ARM64.Build.0 = Release|ARM64
		{448253EC-BF0C-4173-885B-F9F7B92D511C}.Release|iPhone.ActiveCfg = Release|Any CPU
		{448253EC-BF0C-4173-885B-F9F7B92D511C}.Release|iPhone.Build.0 = Release|Any CPU
		{448253EC-BF0C-4173-885B-F9F7B92D511C}.Release|iPhoneSimulator.ActiveCfg = Release|Any CPU
		{448253EC-BF0C-4173-885B-F9F7B92D511C}.Release|iPhoneSimulator.Build.0 = Release|Any CPU
		{448253EC-BF0C-4173-885B-F9F7B92D511C}.Release|x64.ActiveCfg = Release|x64
		{448253EC-BF0C-4173-885B-F9F7B92D511C}.Release|x64.Build.0 = Release|x64
		{448253EC-BF0C-4173-885B-F9F7B92D511C}.Release|x86.ActiveCfg = Release|x86
		{448253EC-BF0C-4173-885B-F9F7B92D511C}.Release|x86.Build.0 = Release|x86
		{65E84E8A-8E99-47AB-A09E-1A61749A77E2}.Debug|Any CPU.ActiveCfg = Debug|Any CPU
		{65E84E8A-8E99-47AB-A09E-1A61749A77E2}.Debug|Any CPU.Build.0 = Debug|Any CPU
		{65E84E8A-8E99-47AB-A09E-1A61749A77E2}.Debug|ARM.ActiveCfg = Debug|Any CPU
		{65E84E8A-8E99-47AB-A09E-1A61749A77E2}.Debug|ARM.Build.0 = Debug|Any CPU
		{65E84E8A-8E99-47AB-A09E-1A61749A77E2}.Debug|ARM64.ActiveCfg = Debug|Any CPU
		{65E84E8A-8E99-47AB-A09E-1A61749A77E2}.Debug|ARM64.Build.0 = Debug|Any CPU
		{65E84E8A-8E99-47AB-A09E-1A61749A77E2}.Debug|iPhone.ActiveCfg = Debug|Any CPU
		{65E84E8A-8E99-47AB-A09E-1A61749A77E2}.Debug|iPhone.Build.0 = Debug|Any CPU
		{65E84E8A-8E99-47AB-A09E-1A61749A77E2}.Debug|iPhoneSimulator.ActiveCfg = Debug|Any CPU
		{65E84E8A-8E99-47AB-A09E-1A61749A77E2}.Debug|iPhoneSimulator.Build.0 = Debug|Any CPU
		{65E84E8A-8E99-47AB-A09E-1A61749A77E2}.Debug|x64.ActiveCfg = Debug|Any CPU
		{65E84E8A-8E99-47AB-A09E-1A61749A77E2}.Debug|x64.Build.0 = Debug|Any CPU
		{65E84E8A-8E99-47AB-A09E-1A61749A77E2}.Debug|x86.ActiveCfg = Debug|Any CPU
		{65E84E8A-8E99-47AB-A09E-1A61749A77E2}.Debug|x86.Build.0 = Debug|Any CPU
		{65E84E8A-8E99-47AB-A09E-1A61749A77E2}.Release|Any CPU.ActiveCfg = Release|Any CPU
		{65E84E8A-8E99-47AB-A09E-1A61749A77E2}.Release|Any CPU.Build.0 = Release|Any CPU
		{65E84E8A-8E99-47AB-A09E-1A61749A77E2}.Release|ARM.ActiveCfg = Release|Any CPU
		{65E84E8A-8E99-47AB-A09E-1A61749A77E2}.Release|ARM.Build.0 = Release|Any CPU
		{65E84E8A-8E99-47AB-A09E-1A61749A77E2}.Release|ARM64.ActiveCfg = Release|Any CPU
		{65E84E8A-8E99-47AB-A09E-1A61749A77E2}.Release|ARM64.Build.0 = Release|Any CPU
		{65E84E8A-8E99-47AB-A09E-1A61749A77E2}.Release|iPhone.ActiveCfg = Release|Any CPU
		{65E84E8A-8E99-47AB-A09E-1A61749A77E2}.Release|iPhone.Build.0 = Release|Any CPU
		{65E84E8A-8E99-47AB-A09E-1A61749A77E2}.Release|iPhoneSimulator.ActiveCfg = Release|Any CPU
		{65E84E8A-8E99-47AB-A09E-1A61749A77E2}.Release|iPhoneSimulator.Build.0 = Release|Any CPU
		{65E84E8A-8E99-47AB-A09E-1A61749A77E2}.Release|x64.ActiveCfg = Release|Any CPU
		{65E84E8A-8E99-47AB-A09E-1A61749A77E2}.Release|x64.Build.0 = Release|Any CPU
		{65E84E8A-8E99-47AB-A09E-1A61749A77E2}.Release|x86.ActiveCfg = Release|Any CPU
		{65E84E8A-8E99-47AB-A09E-1A61749A77E2}.Release|x86.Build.0 = Release|Any CPU
		{694B9458-0EBA-43F3-AAC6-6BFE5019EF6A}.Debug|Any CPU.ActiveCfg = Debug|Any CPU
		{694B9458-0EBA-43F3-AAC6-6BFE5019EF6A}.Debug|Any CPU.Build.0 = Debug|Any CPU
		{694B9458-0EBA-43F3-AAC6-6BFE5019EF6A}.Debug|ARM.ActiveCfg = Debug|Any CPU
		{694B9458-0EBA-43F3-AAC6-6BFE5019EF6A}.Debug|ARM.Build.0 = Debug|Any CPU
		{694B9458-0EBA-43F3-AAC6-6BFE5019EF6A}.Debug|ARM64.ActiveCfg = Debug|Any CPU
		{694B9458-0EBA-43F3-AAC6-6BFE5019EF6A}.Debug|ARM64.Build.0 = Debug|Any CPU
		{694B9458-0EBA-43F3-AAC6-6BFE5019EF6A}.Debug|iPhone.ActiveCfg = Debug|Any CPU
		{694B9458-0EBA-43F3-AAC6-6BFE5019EF6A}.Debug|iPhone.Build.0 = Debug|Any CPU
		{694B9458-0EBA-43F3-AAC6-6BFE5019EF6A}.Debug|iPhoneSimulator.ActiveCfg = Debug|Any CPU
		{694B9458-0EBA-43F3-AAC6-6BFE5019EF6A}.Debug|iPhoneSimulator.Build.0 = Debug|Any CPU
		{694B9458-0EBA-43F3-AAC6-6BFE5019EF6A}.Debug|x64.ActiveCfg = Debug|Any CPU
		{694B9458-0EBA-43F3-AAC6-6BFE5019EF6A}.Debug|x64.Build.0 = Debug|Any CPU
		{694B9458-0EBA-43F3-AAC6-6BFE5019EF6A}.Debug|x86.ActiveCfg = Debug|Any CPU
		{694B9458-0EBA-43F3-AAC6-6BFE5019EF6A}.Debug|x86.Build.0 = Debug|Any CPU
		{694B9458-0EBA-43F3-AAC6-6BFE5019EF6A}.Release|Any CPU.ActiveCfg = Release|Any CPU
		{694B9458-0EBA-43F3-AAC6-6BFE5019EF6A}.Release|Any CPU.Build.0 = Release|Any CPU
		{694B9458-0EBA-43F3-AAC6-6BFE5019EF6A}.Release|ARM.ActiveCfg = Release|Any CPU
		{694B9458-0EBA-43F3-AAC6-6BFE5019EF6A}.Release|ARM.Build.0 = Release|Any CPU
		{694B9458-0EBA-43F3-AAC6-6BFE5019EF6A}.Release|ARM64.ActiveCfg = Release|Any CPU
		{694B9458-0EBA-43F3-AAC6-6BFE5019EF6A}.Release|ARM64.Build.0 = Release|Any CPU
		{694B9458-0EBA-43F3-AAC6-6BFE5019EF6A}.Release|iPhone.ActiveCfg = Release|Any CPU
		{694B9458-0EBA-43F3-AAC6-6BFE5019EF6A}.Release|iPhone.Build.0 = Release|Any CPU
		{694B9458-0EBA-43F3-AAC6-6BFE5019EF6A}.Release|iPhoneSimulator.ActiveCfg = Release|Any CPU
		{694B9458-0EBA-43F3-AAC6-6BFE5019EF6A}.Release|iPhoneSimulator.Build.0 = Release|Any CPU
		{694B9458-0EBA-43F3-AAC6-6BFE5019EF6A}.Release|x64.ActiveCfg = Release|Any CPU
		{694B9458-0EBA-43F3-AAC6-6BFE5019EF6A}.Release|x64.Build.0 = Release|Any CPU
		{694B9458-0EBA-43F3-AAC6-6BFE5019EF6A}.Release|x86.ActiveCfg = Release|Any CPU
		{694B9458-0EBA-43F3-AAC6-6BFE5019EF6A}.Release|x86.Build.0 = Release|Any CPU
	EndGlobalSection
	GlobalSection(SolutionProperties) = preSolution
		HideSolutionNode = FALSE
	EndGlobalSection
	GlobalSection(ExtensibilityGlobals) = postSolution
		SolutionGuid = {28D0A3B2-44CF-4E19-9F11-FA94C0E650DA}
	EndGlobalSection
EndGlobal
